// !$*UTF8*$!
{
	archiveVersion = 1;
	classes = {
	};
	objectVersion = 50;
	objects = {

/* Begin PBXBuildFile section */
		FBD9658D26C7B61E008DF065 /* AppDelegate.swift in Sources */ = {isa = PBXBuildFile; fileRef = FBD9658C26C7B61E008DF065 /* AppDelegate.swift */; };
		FBD9658F26C7B61E008DF065 /* SceneDelegate.swift in Sources */ = {isa = PBXBuildFile; fileRef = FBD9658E26C7B61E008DF065 /* SceneDelegate.swift */; };
		FBD9659126C7B61E008DF065 /* ViewController.swift in Sources */ = {isa = PBXBuildFile; fileRef = FBD9659026C7B61E008DF065 /* ViewController.swift */; };
		FBD9659426C7B61E008DF065 /* Main.storyboard in Resources */ = {isa = PBXBuildFile; fileRef = FBD9659226C7B61E008DF065 /* Main.storyboard */; };
		FBD9659626C7B61F008DF065 /* Assets.xcassets in Resources */ = {isa = PBXBuildFile; fileRef = FBD9659526C7B61F008DF065 /* Assets.xcassets */; };
		FBD9659926C7B61F008DF065 /* LaunchScreen.storyboard in Resources */ = {isa = PBXBuildFile; fileRef = FBD9659726C7B61F008DF065 /* LaunchScreen.storyboard */; };
		FBD965A426C7B620008DF065 /* ProtocolPatternTests.swift in Sources */ = {isa = PBXBuildFile; fileRef = FBD965A326C7B620008DF065 /* ProtocolPatternTests.swift */; };
		FBD965AF26C7B620008DF065 /* ProtocolPatternUITests.swift in Sources */ = {isa = PBXBuildFile; fileRef = FBD965AE26C7B620008DF065 /* ProtocolPatternUITests.swift */; };
		FBD965BD26C7B728008DF065 /* AbstractCard.swift in Sources */ = {isa = PBXBuildFile; fileRef = FBD965BC26C7B728008DF065 /* AbstractCard.swift */; };
/* End PBXBuildFile section */

/* Begin PBXContainerItemProxy section */
		FBD965A026C7B620008DF065 /* PBXContainerItemProxy */ = {
			isa = PBXContainerItemProxy;
			containerPortal = FBD9658126C7B61E008DF065 /* Project object */;
			proxyType = 1;
			remoteGlobalIDString = FBD9658826C7B61E008DF065;
			remoteInfo = ProtocolPattern;
		};
		FBD965AB26C7B620008DF065 /* PBXContainerItemProxy */ = {
			isa = PBXContainerItemProxy;
			containerPortal = FBD9658126C7B61E008DF065 /* Project object */;
			proxyType = 1;
			remoteGlobalIDString = FBD9658826C7B61E008DF065;
			remoteInfo = ProtocolPattern;
		};
/* End PBXContainerItemProxy section */

/* Begin PBXFileReference section */
		FBD9658926C7B61E008DF065 /* ProtocolPattern.app */ = {isa = PBXFileReference; explicitFileType = wrapper.application; includeInIndex = 0; path = ProtocolPattern.app; sourceTree = BUILT_PRODUCTS_DIR; };
		FBD9658C26C7B61E008DF065 /* AppDelegate.swift */ = {isa = PBXFileReference; lastKnownFileType = sourcecode.swift; path = AppDelegate.swift; sourceTree = "<group>"; };
		FBD9658E26C7B61E008DF065 /* SceneDelegate.swift */ = {isa = PBXFileReference; lastKnownFileType = sourcecode.swift; path = SceneDelegate.swift; sourceTree = "<group>"; };
		FBD9659026C7B61E008DF065 /* ViewController.swift */ = {isa = PBXFileReference; lastKnownFileType = sourcecode.swift; path = ViewController.swift; sourceTree = "<group>"; };
		FBD9659326C7B61E008DF065 /* Base */ = {isa = PBXFileReference; lastKnownFileType = file.storyboard; name = Base; path = Base.lproj/Main.storyboard; sourceTree = "<group>"; };
		FBD9659526C7B61F008DF065 /* Assets.xcassets */ = {isa = PBXFileReference; lastKnownFileType = folder.assetcatalog; path = Assets.xcassets; sourceTree = "<group>"; };
		FBD9659826C7B61F008DF065 /* Base */ = {isa = PBXFileReference; lastKnownFileType = file.storyboard; name = Base; path = Base.lproj/LaunchScreen.storyboard; sourceTree = "<group>"; };
		FBD9659A26C7B61F008DF065 /* Info.plist */ = {isa = PBXFileReference; lastKnownFileType = text.plist.xml; path = Info.plist; sourceTree = "<group>"; };
		FBD9659F26C7B620008DF065 /* ProtocolPatternTests.xctest */ = {isa = PBXFileReference; explicitFileType = wrapper.cfbundle; includeInIndex = 0; path = ProtocolPatternTests.xctest; sourceTree = BUILT_PRODUCTS_DIR; };
		FBD965A326C7B620008DF065 /* ProtocolPatternTests.swift */ = {isa = PBXFileReference; lastKnownFileType = sourcecode.swift; path = ProtocolPatternTests.swift; sourceTree = "<group>"; };
		FBD965A526C7B620008DF065 /* Info.plist */ = {isa = PBXFileReference; lastKnownFileType = text.plist.xml; path = Info.plist; sourceTree = "<group>"; };
		FBD965AA26C7B620008DF065 /* ProtocolPatternUITests.xctest */ = {isa = PBXFileReference; explicitFileType = wrapper.cfbundle; includeInIndex = 0; path = ProtocolPatternUITests.xctest; sourceTree = BUILT_PRODUCTS_DIR; };
		FBD965AE26C7B620008DF065 /* ProtocolPatternUITests.swift */ = {isa = PBXFileReference; lastKnownFileType = sourcecode.swift; path = ProtocolPatternUITests.swift; sourceTree = "<group>"; };
		FBD965B026C7B620008DF065 /* Info.plist */ = {isa = PBXFileReference; lastKnownFileType = text.plist.xml; path = Info.plist; sourceTree = "<group>"; };
		FBD965BC26C7B728008DF065 /* AbstractCard.swift */ = {isa = PBXFileReference; lastKnownFileType = sourcecode.swift; path = AbstractCard.swift; sourceTree = "<group>"; };
/* End PBXFileReference section */

/* Begin PBXFrameworksBuildPhase section */
		FBD9658626C7B61E008DF065 /* Frameworks */ = {
			isa = PBXFrameworksBuildPhase;
			buildActionMask = 2147483647;
			files = (
			);
			runOnlyForDeploymentPostprocessing = 0;
		};
		FBD9659C26C7B620008DF065 /* Frameworks */ = {
			isa = PBXFrameworksBuildPhase;
			buildActionMask = 2147483647;
			files = (
			);
			runOnlyForDeploymentPostprocessing = 0;
		};
		FBD965A726C7B620008DF065 /* Frameworks */ = {
			isa = PBXFrameworksBuildPhase;
			buildActionMask = 2147483647;
			files = (
			);
			runOnlyForDeploymentPostprocessing = 0;
		};
/* End PBXFrameworksBuildPhase section */

/* Begin PBXGroup section */
		FBD9658026C7B61E008DF065 = {
			isa = PBXGroup;
			children = (
				FBD9658B26C7B61E008DF065 /* ProtocolPattern */,
				FBD965A226C7B620008DF065 /* ProtocolPatternTests */,
				FBD965AD26C7B620008DF065 /* ProtocolPatternUITests */,
				FBD9658A26C7B61E008DF065 /* Products */,
			);
			sourceTree = "<group>";
		};
		FBD9658A26C7B61E008DF065 /* Products */ = {
			isa = PBXGroup;
			children = (
				FBD9658926C7B61E008DF065 /* ProtocolPattern.app */,
				FBD9659F26C7B620008DF065 /* ProtocolPatternTests.xctest */,
				FBD965AA26C7B620008DF065 /* ProtocolPatternUITests.xctest */,
			);
			name = Products;
			sourceTree = "<group>";
		};
		FBD9658B26C7B61E008DF065 /* ProtocolPattern */ = {
			isa = PBXGroup;
			children = (
				FBD9658C26C7B61E008DF065 /* AppDelegate.swift */,
				FBD9658E26C7B61E008DF065 /* SceneDelegate.swift */,
				FBD9659026C7B61E008DF065 /* ViewController.swift */,
				FBD9659226C7B61E008DF065 /* Main.storyboard */,
				FBD9659526C7B61F008DF065 /* Assets.xcassets */,
				FBD9659726C7B61F008DF065 /* LaunchScreen.storyboard */,
				FBD9659A26C7B61F008DF065 /* Info.plist */,
				FBD965BC26C7B728008DF065 /* AbstractCard.swift */,
			);
			path = ProtocolPattern;
			sourceTree = "<group>";
		};
		FBD965A226C7B620008DF065 /* ProtocolPatternTests */ = {
			isa = PBXGroup;
			children = (
				FBD965A326C7B620008DF065 /* ProtocolPatternTests.swift */,
				FBD965A526C7B620008DF065 /* Info.plist */,
			);
			path = ProtocolPatternTests;
			sourceTree = "<group>";
		};
		FBD965AD26C7B620008DF065 /* ProtocolPatternUITests */ = {
			isa = PBXGroup;
			children = (
				FBD965AE26C7B620008DF065 /* ProtocolPatternUITests.swift */,
				FBD965B026C7B620008DF065 /* Info.plist */,
			);
			path = ProtocolPatternUITests;
			sourceTree = "<group>";
		};
/* End PBXGroup section */

/* Begin PBXNativeTarget section */
		FBD9658826C7B61E008DF065 /* ProtocolPattern */ = {
			isa = PBXNativeTarget;
			buildConfigurationList = FBD965B326C7B620008DF065 /* Build configuration list for PBXNativeTarget "ProtocolPattern" */;
			buildPhases = (
				FBD9658526C7B61E008DF065 /* Sources */,
				FBD9658626C7B61E008DF065 /* Frameworks */,
				FBD9658726C7B61E008DF065 /* Resources */,
			);
			buildRules = (
			);
			dependencies = (
			);
			name = ProtocolPattern;
			productName = ProtocolPattern;
			productReference = FBD9658926C7B61E008DF065 /* ProtocolPattern.app */;
			productType = "com.apple.product-type.application";
		};
		FBD9659E26C7B620008DF065 /* ProtocolPatternTests */ = {
			isa = PBXNativeTarget;
			buildConfigurationList = FBD965B626C7B620008DF065 /* Build configuration list for PBXNativeTarget "ProtocolPatternTests" */;
			buildPhases = (
				FBD9659B26C7B620008DF065 /* Sources */,
				FBD9659C26C7B620008DF065 /* Frameworks */,
				FBD9659D26C7B620008DF065 /* Resources */,
			);
			buildRules = (
			);
			dependencies = (
				FBD965A126C7B620008DF065 /* PBXTargetDependency */,
			);
			name = ProtocolPatternTests;
			productName = ProtocolPatternTests;
			productReference = FBD9659F26C7B620008DF065 /* ProtocolPatternTests.xctest */;
			productType = "com.apple.product-type.bundle.unit-test";
		};
		FBD965A926C7B620008DF065 /* ProtocolPatternUITests */ = {
			isa = PBXNativeTarget;
			buildConfigurationList = FBD965B926C7B620008DF065 /* Build configuration list for PBXNativeTarget "ProtocolPatternUITests" */;
			buildPhases = (
				FBD965A626C7B620008DF065 /* Sources */,
				FBD965A726C7B620008DF065 /* Frameworks */,
				FBD965A826C7B620008DF065 /* Resources */,
			);
			buildRules = (
			);
			dependencies = (
				FBD965AC26C7B620008DF065 /* PBXTargetDependency */,
			);
			name = ProtocolPatternUITests;
			productName = ProtocolPatternUITests;
			productReference = FBD965AA26C7B620008DF065 /* ProtocolPatternUITests.xctest */;
			productType = "com.apple.product-type.bundle.ui-testing";
		};
/* End PBXNativeTarget section */

/* Begin PBXProject section */
		FBD9658126C7B61E008DF065 /* Project object */ = {
			isa = PBXProject;
			attributes = {
				LastSwiftUpdateCheck = 1250;
				LastUpgradeCheck = 1250;
				TargetAttributes = {
					FBD9658826C7B61E008DF065 = {
						CreatedOnToolsVersion = 12.5;
					};
					FBD9659E26C7B620008DF065 = {
						CreatedOnToolsVersion = 12.5;
						TestTargetID = FBD9658826C7B61E008DF065;
					};
					FBD965A926C7B620008DF065 = {
						CreatedOnToolsVersion = 12.5;
						TestTargetID = FBD9658826C7B61E008DF065;
					};
				};
			};
			buildConfigurationList = FBD9658426C7B61E008DF065 /* Build configuration list for PBXProject "ProtocolPattern" */;
			compatibilityVersion = "Xcode 9.3";
			developmentRegion = en;
			hasScannedForEncodings = 0;
			knownRegions = (
				en,
				Base,
			);
			mainGroup = FBD9658026C7B61E008DF065;
			productRefGroup = FBD9658A26C7B61E008DF065 /* Products */;
			projectDirPath = "";
			projectRoot = "";
			targets = (
				FBD9658826C7B61E008DF065 /* ProtocolPattern */,
				FBD9659E26C7B620008DF065 /* ProtocolPatternTests */,
				FBD965A926C7B620008DF065 /* ProtocolPatternUITests */,
			);
		};
/* End PBXProject section */

/* Begin PBXResourcesBuildPhase section */
		FBD9658726C7B61E008DF065 /* Resources */ = {
			isa = PBXResourcesBuildPhase;
			buildActionMask = 2147483647;
			files = (
				FBD9659926C7B61F008DF065 /* LaunchScreen.storyboard in Resources */,
				FBD9659626C7B61F008DF065 /* Assets.xcassets in Resources */,
				FBD9659426C7B61E008DF065 /* Main.storyboard in Resources */,
			);
			runOnlyForDeploymentPostprocessing = 0;
		};
		FBD9659D26C7B620008DF065 /* Resources */ = {
			isa = PBXResourcesBuildPhase;
			buildActionMask = 2147483647;
			files = (
			);
			runOnlyForDeploymentPostprocessing = 0;
		};
		FBD965A826C7B620008DF065 /* Resources */ = {
			isa = PBXResourcesBuildPhase;
			buildActionMask = 2147483647;
			files = (
			);
			runOnlyForDeploymentPostprocessing = 0;
		};
/* End PBXResourcesBuildPhase section */

/* Begin PBXSourcesBuildPhase section */
		FBD9658526C7B61E008DF065 /* Sources */ = {
			isa = PBXSourcesBuildPhase;
			buildActionMask = 2147483647;
			files = (
				FBD9659126C7B61E008DF065 /* ViewController.swift in Sources */,
				FBD9658D26C7B61E008DF065 /* AppDelegate.swift in Sources */,
				FBD9658F26C7B61E008DF065 /* SceneDelegate.swift in Sources */,
				FBD965BD26C7B728008DF065 /* AbstractCard.swift in Sources */,
			);
			runOnlyForDeploymentPostprocessing = 0;
		};
		FBD9659B26C7B620008DF065 /* Sources */ = {
			isa = PBXSourcesBuildPhase;
			buildActionMask = 2147483647;
			files = (
				FBD965A426C7B620008DF065 /* ProtocolPatternTests.swift in Sources */,
			);
			runOnlyForDeploymentPostprocessing = 0;
		};
		FBD965A626C7B620008DF065 /* Sources */ = {
			isa = PBXSourcesBuildPhase;
			buildActionMask = 2147483647;
			files = (
				FBD965AF26C7B620008DF065 /* ProtocolPatternUITests.swift in Sources */,
			);
			runOnlyForDeploymentPostprocessing = 0;
		};
/* End PBXSourcesBuildPhase section */

/* Begin PBXTargetDependency section */
		FBD965A126C7B620008DF065 /* PBXTargetDependency */ = {
			isa = PBXTargetDependency;
			target = FBD9658826C7B61E008DF065 /* ProtocolPattern */;
			targetProxy = FBD965A026C7B620008DF065 /* PBXContainerItemProxy */;
		};
		FBD965AC26C7B620008DF065 /* PBXTargetDependency */ = {
			isa = PBXTargetDependency;
			target = FBD9658826C7B61E008DF065 /* ProtocolPattern */;
			targetProxy = FBD965AB26C7B620008DF065 /* PBXContainerItemProxy */;
		};
/* End PBXTargetDependency section */

/* Begin PBXVariantGroup section */
		FBD9659226C7B61E008DF065 /* Main.storyboard */ = {
			isa = PBXVariantGroup;
			children = (
				FBD9659326C7B61E008DF065 /* Base */,
			);
			name = Main.storyboard;
			sourceTree = "<group>";
		};
		FBD9659726C7B61F008DF065 /* LaunchScreen.storyboard */ = {
			isa = PBXVariantGroup;
			children = (
				FBD9659826C7B61F008DF065 /* Base */,
			);
			name = LaunchScreen.storyboard;
			sourceTree = "<group>";
		};
/* End PBXVariantGroup section */

/* Begin XCBuildConfiguration section */
		FBD965B126C7B620008DF065 /* Debug */ = {
			isa = XCBuildConfiguration;
			buildSettings = {
				ALWAYS_SEARCH_USER_PATHS = NO;
				CLANG_ANALYZER_NONNULL = YES;
				CLANG_ANALYZER_NUMBER_OBJECT_CONVERSION = YES_AGGRESSIVE;
				CLANG_CXX_LANGUAGE_STANDARD = "gnu++14";
				CLANG_CXX_LIBRARY = "libc++";
				CLANG_ENABLE_MODULES = YES;
				CLANG_ENABLE_OBJC_ARC = YES;
				CLANG_ENABLE_OBJC_WEAK = YES;
				CLANG_WARN_BLOCK_CAPTURE_AUTORELEASING = YES;
				CLANG_WARN_BOOL_CONVERSION = YES;
				CLANG_WARN_COMMA = YES;
				CLANG_WARN_CONSTANT_CONVERSION = YES;
				CLANG_WARN_DEPRECATED_OBJC_IMPLEMENTATIONS = YES;
				CLANG_WARN_DIRECT_OBJC_ISA_USAGE = YES_ERROR;
				CLANG_WARN_DOCUMENTATION_COMMENTS = YES;
				CLANG_WARN_EMPTY_BODY = YES;
				CLANG_WARN_ENUM_CONVERSION = YES;
				CLANG_WARN_INFINITE_RECURSION = YES;
				CLANG_WARN_INT_CONVERSION = YES;
				CLANG_WARN_NON_LITERAL_NULL_CONVERSION = YES;
				CLANG_WARN_OBJC_IMPLICIT_RETAIN_SELF = YES;
				CLANG_WARN_OBJC_LITERAL_CONVERSION = YES;
				CLANG_WARN_OBJC_ROOT_CLASS = YES_ERROR;
				CLANG_WARN_QUOTED_INCLUDE_IN_FRAMEWORK_HEADER = YES;
				CLANG_WARN_RANGE_LOOP_ANALYSIS = YES;
				CLANG_WARN_STRICT_PROTOTYPES = YES;
				CLANG_WARN_SUSPICIOUS_MOVE = YES;
				CLANG_WARN_UNGUARDED_AVAILABILITY = YES_AGGRESSIVE;
				CLANG_WARN_UNREACHABLE_CODE = YES;
				CLANG_WARN__DUPLICATE_METHOD_MATCH = YES;
				COPY_PHASE_STRIP = NO;
				DEBUG_INFORMATION_FORMAT = dwarf;
				ENABLE_STRICT_OBJC_MSGSEND = YES;
				ENABLE_TESTABILITY = YES;
				GCC_C_LANGUAGE_STANDARD = gnu11;
				GCC_DYNAMIC_NO_PIC = NO;
				GCC_NO_COMMON_BLOCKS = YES;
				GCC_OPTIMIZATION_LEVEL = 0;
				GCC_PREPROCESSOR_DEFINITIONS = (
					"DEBUG=1",
					"$(inherited)",
				);
				GCC_WARN_64_TO_32_BIT_CONVERSION = YES;
				GCC_WARN_ABOUT_RETURN_TYPE = YES_ERROR;
				GCC_WARN_UNDECLARED_SELECTOR = YES;
				GCC_WARN_UNINITIALIZED_AUTOS = YES_AGGRESSIVE;
				GCC_WARN_UNUSED_FUNCTION = YES;
				GCC_WARN_UNUSED_VARIABLE = YES;
				IPHONEOS_DEPLOYMENT_TARGET = 14.5;
				MTL_ENABLE_DEBUG_INFO = INCLUDE_SOURCE;
				MTL_FAST_MATH = YES;
				ONLY_ACTIVE_ARCH = YES;
				SDKROOT = iphoneos;
				SWIFT_ACTIVE_COMPILATION_CONDITIONS = DEBUG;
				SWIFT_OPTIMIZATION_LEVEL = "-Onone";
			};
			name = Debug;
		};
		FBD965B226C7B620008DF065 /* Release */ = {
			isa = XCBuildConfiguration;
			buildSettings = {
				ALWAYS_SEARCH_USER_PATHS = NO;
				CLANG_ANALYZER_NONNULL = YES;
				CLANG_ANALYZER_NUMBER_OBJECT_CONVERSION = YES_AGGRESSIVE;
				CLANG_CXX_LANGUAGE_STANDARD = "gnu++14";
				CLANG_CXX_LIBRARY = "libc++";
				CLANG_ENABLE_MODULES = YES;
				CLANG_ENABLE_OBJC_ARC = YES;
				CLANG_ENABLE_OBJC_WEAK = YES;
				CLANG_WARN_BLOCK_CAPTURE_AUTORELEASING = YES;
				CLANG_WARN_BOOL_CONVERSION = YES;
				CLANG_WARN_COMMA = YES;
				CLANG_WARN_CONSTANT_CONVERSION = YES;
				CLANG_WARN_DEPRECATED_OBJC_IMPLEMENTATIONS = YES;
				CLANG_WARN_DIRECT_OBJC_ISA_USAGE = YES_ERROR;
				CLANG_WARN_DOCUMENTATION_COMMENTS = YES;
				CLANG_WARN_EMPTY_BODY = YES;
				CLANG_WARN_ENUM_CONVERSION = YES;
				CLANG_WARN_INFINITE_RECURSION = YES;
				CLANG_WARN_INT_CONVERSION = YES;
				CLANG_WARN_NON_LITERAL_NULL_CONVERSION = YES;
				CLANG_WARN_OBJC_IMPLICIT_RETAIN_SELF = YES;
				CLANG_WARN_OBJC_LITERAL_CONVERSION = YES;
				CLANG_WARN_OBJC_ROOT_CLASS = YES_ERROR;
				CLANG_WARN_QUOTED_INCLUDE_IN_FRAMEWORK_HEADER = YES;
				CLANG_WARN_RANGE_LOOP_ANALYSIS = YES;
				CLANG_WARN_STRICT_PROTOTYPES = YES;
				CLANG_WARN_SUSPICIOUS_MOVE = YES;
				CLANG_WARN_UNGUARDED_AVAILABILITY = YES_AGGRESSIVE;
				CLANG_WARN_UNREACHABLE_CODE = YES;
				CLANG_WARN__DUPLICATE_METHOD_MATCH = YES;
				COPY_PHASE_STRIP = NO;
				DEBUG_INFORMATION_FORMAT = "dwarf-with-dsym";
				ENABLE_NS_ASSERTIONS = NO;
				ENABLE_STRICT_OBJC_MSGSEND = YES;
				GCC_C_LANGUAGE_STANDARD = gnu11;
				GCC_NO_COMMON_BLOCKS = YES;
				GCC_WARN_64_TO_32_BIT_CONVERSION = YES;
				GCC_WARN_ABOUT_RETURN_TYPE = YES_ERROR;
				GCC_WARN_UNDECLARED_SELECTOR = YES;
				GCC_WARN_UNINITIALIZED_AUTOS = YES_AGGRESSIVE;
				GCC_WARN_UNUSED_FUNCTION = YES;
				GCC_WARN_UNUSED_VARIABLE = YES;
				IPHONEOS_DEPLOYMENT_TARGET = 14.5;
				MTL_ENABLE_DEBUG_INFO = NO;
				MTL_FAST_MATH = YES;
				SDKROOT = iphoneos;
				SWIFT_COMPILATION_MODE = wholemodule;
				SWIFT_OPTIMIZATION_LEVEL = "-O";
				VALIDATE_PRODUCT = YES;
			};
			name = Release;
		};
		FBD965B426C7B620008DF065 /* Debug */ = {
			isa = XCBuildConfiguration;
			buildSettings = {
				ASSETCATALOG_COMPILER_APPICON_NAME = AppIcon;
				ASSETCATALOG_COMPILER_GLOBAL_ACCENT_COLOR_NAME = AccentColor;
				CODE_SIGN_STYLE = Automatic;
				DEVELOPMENT_TEAM = G3G99VS84K;
				INFOPLIST_FILE = ProtocolPattern/Info.plist;
				LD_RUNPATH_SEARCH_PATHS = (
					"$(inherited)",
					"@executable_path/Frameworks",
				);
				PRODUCT_BUNDLE_IDENTIFIER = com.interview.ProtocolPattern;
				PRODUCT_NAME = "$(TARGET_NAME)";
				SWIFT_VERSION = 5.0;
				TARGETED_DEVICE_FAMILY = "1,2";
			};
			name = Debug;
		};
		FBD965B526C7B620008DF065 /* Release */ = {
			isa = XCBuildConfiguration;
			buildSettings = {
				ASSETCATALOG_COMPILER_APPICON_NAME = AppIcon;
				ASSETCATALOG_COMPILER_GLOBAL_ACCENT_COLOR_NAME = AccentColor;
				CODE_SIGN_STYLE = Automatic;
				DEVELOPMENT_TEAM = G3G99VS84K;
				INFOPLIST_FILE = ProtocolPattern/Info.plist;
				LD_RUNPATH_SEARCH_PATHS = (
					"$(inherited)",
					"@executable_path/Frameworks",
				);
				PRODUCT_BUNDLE_IDENTIFIER = com.interview.ProtocolPattern;
				PRODUCT_NAME = "$(TARGET_NAME)";
				SWIFT_VERSION = 5.0;
				TARGETED_DEVICE_FAMILY = "1,2";
			};
			name = Release;
		};
		FBD965B726C7B620008DF065 /* Debug */ = {
			isa = XCBuildConfiguration;
			buildSettings = {
				ALWAYS_EMBED_SWIFT_STANDARD_LIBRARIES = YES;
				BUNDLE_LOADER = "$(TEST_HOST)";
				CODE_SIGN_STYLE = Automatic;
				DEVELOPMENT_TEAM = G3G99VS84K;
				INFOPLIST_FILE = ProtocolPatternTests/Info.plist;
				IPHONEOS_DEPLOYMENT_TARGET = 14.5;
				LD_RUNPATH_SEARCH_PATHS = (
					"$(inherited)",
					"@executable_path/Frameworks",
					"@loader_path/Frameworks",
				);
				PRODUCT_BUNDLE_IDENTIFIER = com.interview.ProtocolPatternTests;
				PRODUCT_NAME = "$(TARGET_NAME)";
				SWIFT_VERSION = 5.0;
				TARGETED_DEVICE_FAMILY = "1,2";
				TEST_HOST = "$(BUILT_PRODUCTS_DIR)/ProtocolPattern.app/ProtocolPattern";
			};
			name = Debug;
		};
		FBD965B826C7B620008DF065 /* Release */ = {
			isa = XCBuildConfiguration;
			buildSettings = {
				ALWAYS_EMBED_SWIFT_STANDARD_LIBRARIES = YES;
				BUNDLE_LOADER = "$(TEST_HOST)";
				CODE_SIGN_STYLE = Automatic;
				DEVELOPMENT_TEAM = G3G99VS84K;
				INFOPLIST_FILE = ProtocolPatternTests/Info.plist;
				IPHONEOS_DEPLOYMENT_TARGET = 14.5;
				LD_RUNPATH_SEARCH_PATHS = (
					"$(inherited)",
					"@executable_path/Frameworks",
					"@loader_path/Frameworks",
				);
				PRODUCT_BUNDLE_IDENTIFIER = com.interview.ProtocolPatternTests;
				PRODUCT_NAME = "$(TARGET_NAME)";
				SWIFT_VERSION = 5.0;
				TARGETED_DEVICE_FAMILY = "1,2";
				TEST_HOST = "$(BUILT_PRODUCTS_DIR)/ProtocolPattern.app/ProtocolPattern";
			};
			name = Release;
		};
		FBD965BA26C7B620008DF065 /* Debug */ = {
			isa = XCBuildConfiguration;
			buildSettings = {
				ALWAYS_EMBED_SWIFT_STANDARD_LIBRARIES = YES;
				CODE_SIGN_STYLE = Automatic;
				DEVELOPMENT_TEAM = G3G99VS84K;
				INFOPLIST_FILE = ProtocolPatternUITests/Info.plist;
				LD_RUNPATH_SEARCH_PATHS = (
					"$(inherited)",
					"@executable_path/Frameworks",
					"@loader_path/Frameworks",
				);
				PRODUCT_BUNDLE_IDENTIFIER = com.interview.ProtocolPatternUITests;
				PRODUCT_NAME = "$(TARGET_NAME)";
				SWIFT_VERSION = 5.0;
				TARGETED_DEVICE_FAMILY = "1,2";
				TEST_TARGET_NAME = ProtocolPattern;
			};
			name = Debug;
		};
		FBD965BB26C7B620008DF065 /* Release */ = {
			isa = XCBuildConfiguration;
			buildSettings = {
				ALWAYS_EMBED_SWIFT_STANDARD_LIBRARIES = YES;
				CODE_SIGN_STYLE = Automatic;
				DEVELOPMENT_TEAM = G3G99VS84K;
				INFOPLIST_FILE = ProtocolPatternUITests/Info.plist;
				LD_RUNPATH_SEARCH_PATHS = (
					"$(inherited)",
					"@executable_path/Frameworks",
					"@loader_path/Frameworks",
				);
				PRODUCT_BUNDLE_IDENTIFIER = com.interview.ProtocolPatternUITests;
				PRODUCT_NAME = "$(TARGET_NAME)";
				SWIFT_VERSION = 5.0;
				TARGETED_DEVICE_FAMILY = "1,2";
				TEST_TARGET_NAME = ProtocolPattern;
			};
			name = Release;
		};
/* End XCBuildConfiguration section */

/* Begin XCConfigurationList section */
		FBD9658426C7B61E008DF065 /* Build configuration list for PBXProject "ProtocolPattern" */ = {
			isa = XCConfigurationList;
			buildConfigurations = (
				FBD965B126C7B620008DF065 /* Debug */,
				FBD965B226C7B620008DF065 /* Release */,
			);
			defaultConfigurationIsVisible = 0;
			defaultConfigurationName = Release;
		};
		FBD965B326C7B620008DF065 /* Build configuration list for PBXNativeTarget "ProtocolPattern" */ = {
			isa = XCConfigurationList;
			buildConfigurations = (
				FBD965B426C7B620008DF065 /* Debug */,
				FBD965B526C7B620008DF065 /* Release */,
			);
			defaultConfigurationIsVisible = 0;
			defaultConfigurationName = Release;
		};
		FBD965B626C7B620008DF065 /* Build configuration list for PBXNativeTarget "ProtocolPatternTests" */ = {
			isa = XCConfigurationList;
			buildConfigurations = (
				FBD965B726C7B620008DF065 /* Debug */,
				FBD965B826C7B620008DF065 /* Release */,
			);
			defaultConfigurationIsVisible = 0;
			defaultConfigurationName = Release;
		};
		FBD965B926C7B620008DF065 /* Build configuration list for PBXNativeTarget "ProtocolPatternUITests" */ = {
			isa = XCConfigurationList;
			buildConfigurations = (
				FBD965BA26C7B620008DF065 /* Debug */,
				FBD965BB26C7B620008DF065 /* Release */,
			);
			defaultConfigurationIsVisible = 0;
			defaultConfigurationName = Release;
		};
/* End XCConfigurationList section */
	};
	rootObject = FBD9658126C7B61E008DF065 /* Project object */;
}
